
Microsoft Visual Studio Solution File, Format Version 11.00
# Visual Studio 2010
Project("{FAE04EC0-301F-11D3-BF4B-00C04F79EFBC}") = "mobilemind-wp7-unit2", "mobilemind-wp7-unit2\mobilemind-wp7-unit2.csproj", "{678D478F-A629-492E-93F2-7E1FB86B7B6C}"
EndProject
Global
	GlobalSection(SolutionConfigurationPlatforms) = preSolution
		Debug|Any CPU = Debug|Any CPU
		Release|Any CPU = Release|Any CPU
	EndGlobalSection
	GlobalSection(ProjectConfigurationPlatforms) = postSolution
		{678D478F-A629-492E-93F2-7E1FB86B7B6C}.Debug|Any CPU.ActiveCfg = Debug|x86
		{678D478F-A629-492E-93F2-7E1FB86B7B6C}.Debug|Any CPU.Build.0 = Debug|x86
		{678D478F-A629-492E-93F2-7E1FB86B7B6C}.Debug|Any CPU.Deploy.0 = Debug|x86
		{678D478F-A629-492E-93F2-7E1FB86B7B6C}.Release|Any CPU.ActiveCfg = Release|Any CPU
		{678D478F-A629-492E-93F2-7E1FB86B7B6C}.Release|Any CPU.Build.0 = Release|Any CPU
		{678D478F-A629-492E-93F2-7E1FB86B7B6C}.Release|Any CPU.Deploy.0 = Release|Any CPU
	EndGlobalSection
	GlobalSection(SolutionProperties) = preSolution
		HideSolutionNode = FALSE
	EndGlobalSection
EndGlobal
